// !$*UTF8*$!
{
	archiveVersion = 1;
	classes = {
	};
	objectVersion = 48;
	objects = {

/* Begin PBXBuildFile section */
		F8CBC83E1FE36B16002CFEEB /* AppDelegate.m in Sources */ = {isa = PBXBuildFile; fileRef = F8CBC83D1FE36B16002CFEEB /* AppDelegate.m */; };
		F8CBC8411FE36B16002CFEEB /* ViewController.m in Sources */ = {isa = PBXBuildFile; fileRef = F8CBC8401FE36B16002CFEEB /* ViewController.m */; };
		F8CBC8441FE36B16002CFEEB /* Main.storyboard in Resources */ = {isa = PBXBuildFile; fileRef = F8CBC8421FE36B16002CFEEB /* Main.storyboard */; };
		F8CBC8461FE36B16002CFEEB /* Assets.xcassets in Resources */ = {isa = PBXBuildFile; fileRef = F8CBC8451FE36B16002CFEEB /* Assets.xcassets */; };
		F8CBC8491FE36B16002CFEEB /* LaunchScreen.storyboard in Resources */ = {isa = PBXBuildFile; fileRef = F8CBC8471FE36B16002CFEEB /* LaunchScreen.storyboard */; };
		F8CBC84C1FE36B16002CFEEB /* main.m in Sources */ = {isa = PBXBuildFile; fileRef = F8CBC84B1FE36B16002CFEEB /* main.m */; };
/* End PBXBuildFile section */

/* Begin PBXFileReference section */
		F8CBC8391FE36B16002CFEEB /* YHKVOController.app */ = {isa = PBXFileReference; explicitFileType = wrapper.application; includeInIndex = 0; path = YHKVOController.app; sourceTree = BUILT_PRODUCTS_DIR; };
		F8CBC83C1FE36B16002CFEEB /* AppDelegate.h */ = {isa = PBXFileReference; lastKnownFileType = sourcecode.c.h; path = AppDelegate.h; sourceTree = "<group>"; };
		F8CBC83D1FE36B16002CFEEB /* AppDelegate.m */ = {isa = PBXFileReference; lastKnownFileType = sourcecode.c.objc; path = AppDelegate.m; sourceTree = "<group>"; };
		F8CBC83F1FE36B16002CFEEB /* ViewController.h */ = {isa = PBXFileReference; lastKnownFileType = sourcecode.c.h; path = ViewController.h; sourceTree = "<group>"; };
		F8CBC8401FE36B16002CFEEB /* ViewController.m */ = {isa = PBXFileReference; lastKnownFileType = sourcecode.c.objc; path = ViewController.m; sourceTree = "<group>"; };
		F8CBC8431FE36B16002CFEEB /* Base */ = {isa = PBXFileReference; lastKnownFileType = file.storyboard; name = Base; path = Base.lproj/Main.storyboard; sourceTree = "<group>"; };
		F8CBC8451FE36B16002CFEEB /* Assets.xcassets */ = {isa = PBXFileReference; lastKnownFileType = folder.assetcatalog; path = Assets.xcassets; sourceTree = "<group>"; };
		F8CBC8481FE36B16002CFEEB /* Base */ = {isa = PBXFileReference; lastKnownFileType = file.storyboard; name = Base; path = Base.lproj/LaunchScreen.storyboard; sourceTree = "<group>"; };
		F8CBC84A1FE36B16002CFEEB /* Info.plist */ = {isa = PBXFileReference; lastKnownFileType = text.plist.xml; path = Info.plist; sourceTree = "<group>"; };
		F8CBC84B1FE36B16002CFEEB /* main.m */ = {isa = PBXFileReference; lastKnownFileType = sourcecode.c.objc; path = main.m; sourceTree = "<group>"; };
/* End PBXFileReference section */

/* Begin PBXFrameworksBuildPhase section */
		F8CBC8361FE36B16002CFEEB /* Frameworks */ = {
			isa = PBXFrameworksBuildPhase;
			buildActionMask = 2147483647;
			files = (
			);
			runOnlyForDeploymentPostprocessing = 0;
		};
/* End PBXFrameworksBuildPhase section */

/* Begin PBXGroup section */
		F8CBC8301FE36B16002CFEEB = {
			isa = PBXGroup;
			children = (
				F8CBC83B1FE36B16002CFEEB /* YHKVOController */,
				F8CBC83A1FE36B16002CFEEB /* Products */,
			);
			sourceTree = "<group>";
		};
		F8CBC83A1FE36B16002CFEEB /* Products */ = {
			isa = PBXGroup;
			children = (
				F8CBC8391FE36B16002CFEEB /* YHKVOController.app */,
			);
			name = Products;
			sourceTree = "<group>";
		};
		F8CBC83B1FE36B16002CFEEB /* YHKVOController */ = {
			isa = PBXGroup;
			children = (
				F8CBC83C1FE36B16002CFEEB /* AppDelegate.h */,
				F8CBC83D1FE36B16002CFEEB /* AppDelegate.m */,
				F8CBC83F1FE36B16002CFEEB /* ViewController.h */,
				F8CBC8401FE36B16002CFEEB /* ViewController.m */,
				F8CBC8421FE36B16002CFEEB /* Main.storyboard */,
				F8CBC8451FE36B16002CFEEB /* Assets.xcassets */,
				F8CBC8471FE36B16002CFEEB /* LaunchScreen.storyboard */,
				F8CBC84A1FE36B16002CFEEB /* Info.plist */,
				F8CBC84B1FE36B16002CFEEB /* main.m */,
			);
			path = YHKVOController;
			sourceTree = "<group>";
		};
/* End PBXGroup section */

/* Begin PBXNativeTarget section */
		F8CBC8381FE36B16002CFEEB /* YHKVOController */ = {
			isa = PBXNativeTarget;
			buildConfigurationList = F8CBC84F1FE36B16002CFEEB /* Build configuration list for PBXNativeTarget "YHKVOController" */;
			buildPhases = (
				F8CBC8351FE36B16002CFEEB /* Sources */,
				F8CBC8361FE36B16002CFEEB /* Frameworks */,
				F8CBC8371FE36B16002CFEEB /* Resources */,
			);
			buildRules = (
			);
			dependencies = (
			);
			name = YHKVOController;
			productName = YHKVOController;
			productReference = F8CBC8391FE36B16002CFEEB /* YHKVOController.app */;
			productType = "com.apple.product-type.application";
		};
/* End PBXNativeTarget section */

/* Begin PBXProject section */
		F8CBC8311FE36B16002CFEEB /* Project object */ = {
			isa = PBXProject;
			attributes = {
				LastUpgradeCheck = 0920;
				ORGANIZATIONNAME = yh;
				TargetAttributes = {
					F8CBC8381FE36B16002CFEEB = {
						CreatedOnToolsVersion = 9.2;
						ProvisioningStyle = Automatic;
					};
				};
			};
			buildConfigurationList = F8CBC8341FE36B16002CFEEB /* Build configuration list for PBXProject "YHKVOController" */;
			compatibilityVersion = "Xcode 8.0";
			developmentRegion = en;
			hasScannedForEncodings = 0;
			knownRegions = (
				en,
				Base,
			);
			mainGroup = F8CBC8301FE36B16002CFEEB;
			productRefGroup = F8CBC83A1FE36B16002CFEEB /* Products */;
			projectDirPath = "";
			projectRoot = "";
			targets = (
				F8CBC8381FE36B16002CFEEB /* YHKVOController */,
			);
		};
/* End PBXProject section */

/* Begin PBXResourcesBuildPhase section */
		F8CBC8371FE36B16002CFEEB /* Resources */ = {
			isa = PBXResourcesBuildPhase;
			buildActionMask = 2147483647;
			files = (
				F8CBC8491FE36B16002CFEEB /* LaunchScreen.storyboard in Resources */,
				F8CBC8461FE36B16002CFEEB /* Assets.xcassets in Resources */,
				F8CBC8441FE36B16002CFEEB /* Main.storyboard in Resources */,
			);
			runOnlyForDeploymentPostprocessing = 0;
		};
/* End PBXResourcesBuildPhase section */

/* Begin PBXSourcesBuildPhase section */
		F8CBC8351FE36B16002CFEEB /* Sources */ = {
			isa = PBXSourcesBuildPhase;
			buildActionMask = 2147483647;
			files = (
				F8CBC8411FE36B16002CFEEB /* ViewController.m in Sources */,
				F8CBC84C1FE36B16002CFEEB /* main.m in Sources */,
				F8CBC83E1FE36B16002CFEEB /* AppDelegate.m in Sources */,
			);
			runOnlyForDeploymentPostprocessing = 0;
		};
/* End PBXSourcesBuildPhase section */

/* Begin PBXVariantGroup section */
		F8CBC8421FE36B16002CFEEB /* Main.storyboard */ = {
			isa = PBXVariantGroup;
			children = (
				F8CBC8431FE36B16002CFEEB /* Base */,
			);
			name = Main.storyboard;
			sourceTree = "<group>";
		};
		F8CBC8471FE36B16002CFEEB /* LaunchScreen.storyboard */ = {
			isa = PBXVariantGroup;
			children = (
				F8CBC8481FE36B16002CFEEB /* Base */,
			);
			name = LaunchScreen.storyboard;
			sourceTree = "<group>";
		};
/* End PBXVariantGroup section */

/* Begin XCBuildConfiguration section */
		F8CBC84D1FE36B16002CFEEB /* Debug */ = {
			isa = XCBuildConfiguration;
			buildSettings = {
				ALWAYS_SEARCH_USER_PATHS = NO;
				CLANG_ANALYZER_NONNULL = YES;
				CLANG_ANALYZER_NUMBER_OBJECT_CONVERSION = YES_AGGRESSIVE;
				CLANG_CXX_LANGUAGE_STANDARD = "gnu++14";
				CLANG_CXX_LIBRARY = "libc++";
				CLANG_ENABLE_MODULES = YES;
				CLANG_ENABLE_OBJC_ARC = YES;
				CLANG_WARN_BLOCK_CAPTURE_AUTORELEASING = YES;
				CLANG_WARN_BOOL_CONVERSION = YES;
				CLANG_WARN_COMMA = YES;
				CLANG_WARN_CONSTANT_CONVERSION = YES;
				CLANG_WARN_DIRECT_OBJC_ISA_USAGE = YES_ERROR;
				CLANG_WARN_DOCUMENTATION_COMMENTS = YES;
				CLANG_WARN_EMPTY_BODY = YES;
				CLANG_WARN_ENUM_CONVERSION = YES;
				CLANG_WARN_INFINITE_RECURSION = YES;
				CLANG_WARN_INT_CONVERSION = YES;
				CLANG_WARN_NON_LITERAL_NULL_CONVERSION = YES;
				CLANG_WARN_OBJC_LITERAL_CONVERSION = YES;
				CLANG_WARN_OBJC_ROOT_CLASS = YES_ERROR;
				CLANG_WARN_RANGE_LOOP_ANALYSIS = YES;
				CLANG_WARN_STRICT_PROTOTYPES = YES;
				CLANG_WARN_SUSPICIOUS_MOVE = YES;
				CLANG_WARN_UNGUARDED_AVAILABILITY = YES_AGGRESSIVE;
				CLANG_WARN_UNREACHABLE_CODE = YES;
				CLANG_WARN__DUPLICATE_METHOD_MATCH = YES;
				CODE_SIGN_IDENTITY = "iPhone Developer";
				COPY_PHASE_STRIP = NO;
				DEBUG_INFORMATION_FORMAT = dwarf;
				ENABLE_STRICT_OBJC_MSGSEND = YES;
				ENABLE_TESTABILITY = YES;
				GCC_C_LANGUAGE_STANDARD = gnu11;
				GCC_DYNAMIC_NO_PIC = NO;
				GCC_NO_COMMON_BLOCKS = YES;
				GCC_OPTIMIZATION_LEVEL = 0;
				GCC_PREPROCESSOR_DEFINITIONS = (
					"DEBUG=1",
					"$(inherited)",
				);
				GCC_WARN_64_TO_32_BIT_CONVERSION = YES;
				GCC_WARN_ABOUT_RETURN_TYPE = YES_ERROR;
				GCC_WARN_UNDECLARED_SELECTOR = YES;
				GCC_WARN_UNINITIALIZED_AUTOS = YES_AGGRESSIVE;
				GCC_WARN_UNUSED_FUNCTION = YES;
				GCC_WARN_UNUSED_VARIABLE = YES;
				IPHONEOS_DEPLOYMENT_TARGET = 11.2;
				MTL_ENABLE_DEBUG_INFO = YES;
				ONLY_ACTIVE_ARCH = YES;
				SDKROOT = iphoneos;
			};
			name = Debug;
		};
		F8CBC84E1FE36B16002CFEEB /* Release */ = {
			isa = XCBuildConfiguration;
			buildSettings = {
				ALWAYS_SEARCH_USER_PATHS = NO;
				CLANG_ANALYZER_NONNULL = YES;
				CLANG_ANALYZER_NUMBER_OBJECT_CONVERSION = YES_AGGRESSIVE;
				CLANG_CXX_LANGUAGE_STANDARD = "gnu++14";
				CLANG_CXX_LIBRARY = "libc++";
				CLANG_ENABLE_MODULES = YES;
				CLANG_ENABLE_OBJC_ARC = YES;
				CLANG_WARN_BLOCK_CAPTURE_AUTORELEASING = YES;
				CLANG_WARN_BOOL_CONVERSION = YES;
				CLANG_WARN_COMMA = YES;
				CLANG_WARN_CONSTANT_CONVERSION = YES;
				CLANG_WARN_DIRECT_OBJC_ISA_USAGE = YES_ERROR;
				CLANG_WARN_DOCUMENTATION_COMMENTS = YES;
				CLANG_WARN_EMPTY_BODY = YES;
				CLANG_WARN_ENUM_CONVERSION = YES;
				CLANG_WARN_INFINITE_RECURSION = YES;
				CLANG_WARN_INT_CONVERSION = YES;
				CLANG_WARN_NON_LITERAL_NULL_CONVERSION = YES;
				CLANG_WARN_OBJC_LITERAL_CONVERSION = YES;
				CLANG_WARN_OBJC_ROOT_CLASS = YES_ERROR;
				CLANG_WARN_RANGE_LOOP_ANALYSIS = YES;
				CLANG_WARN_STRICT_PROTOTYPES = YES;
				CLANG_WARN_SUSPICIOUS_MOVE = YES;
				CLANG_WARN_UNGUARDED_AVAILABILITY = YES_AGGRESSIVE;
				CLANG_WARN_UNREACHABLE_CODE = YES;
				CLANG_WARN__DUPLICATE_METHOD_MATCH = YES;
				CODE_SIGN_IDENTITY = "iPhone Developer";
				COPY_PHASE_STRIP = NO;
				DEBUG_INFORMATION_FORMAT = "dwarf-with-dsym";
				ENABLE_NS_ASSERTIONS = NO;
				ENABLE_STRICT_OBJC_MSGSEND = YES;
				GCC_C_LANGUAGE_STANDARD = gnu11;
				GCC_NO_COMMON_BLOCKS = YES;
				GCC_WARN_64_TO_32_BIT_CONVERSION = YES;
				GCC_WARN_ABOUT_RETURN_TYPE = YES_ERROR;
				GCC_WARN_UNDECLARED_SELECTOR = YES;
				GCC_WARN_UNINITIALIZED_AUTOS = YES_AGGRESSIVE;
				GCC_WARN_UNUSED_FUNCTION = YES;
				GCC_WARN_UNUSED_VARIABLE = YES;
				IPHONEOS_DEPLOYMENT_TARGET = 11.2;
				MTL_ENABLE_DEBUG_INFO = NO;
				SDKROOT = iphoneos;
				VALIDATE_PRODUCT = YES;
			};
			name = Release;
		};
		F8CBC8501FE36B16002CFEEB /* Debug */ = {
			isa = XCBuildConfiguration;
			buildSettings = {
				ASSETCATALOG_COMPILER_APPICON_NAME = AppIcon;
				CODE_SIGN_STYLE = Automatic;
				INFOPLIST_FILE = YHKVOController/Info.plist;
				LD_RUNPATH_SEARCH_PATHS = "$(inherited) @executable_path/Frameworks";
				PRODUCT_BUNDLE_IDENTIFIER = yh.YHKVOController;
				PRODUCT_NAME = "$(TARGET_NAME)";
				TARGETED_DEVICE_FAMILY = "1,2";
			};
			name = Debug;
		};
		F8CBC8511FE36B16002CFEEB /* Release */ = {
			isa = XCBuildConfiguration;
			buildSettings = {
				ASSETCATALOG_COMPILER_APPICON_NAME = AppIcon;
				CODE_SIGN_STYLE = Automatic;
				INFOPLIST_FILE = YHKVOController/Info.plist;
				LD_RUNPATH_SEARCH_PATHS = "$(inherited) @executable_path/Frameworks";
				PRODUCT_BUNDLE_IDENTIFIER = yh.YHKVOController;
				PRODUCT_NAME = "$(TARGET_NAME)";
				TARGETED_DEVICE_FAMILY = "1,2";
			};
			name = Release;
		};
/* End XCBuildConfiguration section */

/* Begin XCConfigurationList section */
		F8CBC8341FE36B16002CFEEB /* Build configuration list for PBXProject "YHKVOController" */ = {
			isa = XCConfigurationList;
			buildConfigurations = (
				F8CBC84D1FE36B16002CFEEB /* Debug */,
				F8CBC84E1FE36B16002CFEEB /* Release */,
			);
			defaultConfigurationIsVisible = 0;
			defaultConfigurationName = Release;
		};
		F8CBC84F1FE36B16002CFEEB /* Build configuration list for PBXNativeTarget "YHKVOController" */ = {
			isa = XCConfigurationList;
			buildConfigurations = (
				F8CBC8501FE36B16002CFEEB /* Debug */,
				F8CBC8511FE36B16002CFEEB /* Release */,
			);
			defaultConfigurationIsVisible = 0;
			defaultConfigurationName = Release;
		};
/* End XCConfigurationList section */
	};
	rootObject = F8CBC8311FE36B16002CFEEB /* Project object */;
}
